{
  "requires": true,
  "lockfileVersion": 1,
  "dependencies": {
    "actioncable": {
      "version": "5.1.4",
      "resolved": "https://registry.npmjs.org/actioncable/-/actioncable-5.1.4.tgz",
      "integrity": "sha512-ys4Hc2YBvPHks6B3p6v0dopswShdcjEkYUAodZm2EsaWxB1gXDqjcYAAmarnwHR45nLr0J3W5KNZpCx1Uhwqbw=="
    }
  }
}
